
Microsoft Visual Studio Solution File, Format Version 12.00
# Visual Studio 15
VisualStudioVersion = 15.0.27004.2002
MinimumVisualStudioVersion = 10.0.40219.1
Project("{FAE04EC0-301F-11D3-BF4B-00C04F79EFBC}") = "P01.CatExpenses", "P01\P01.CatExpenses.csproj", "{97C153DA-557F-4E9B-99B1-0DEAE4E78EAB}"
EndProject
Project("{FAE04EC0-301F-11D3-BF4B-00C04F79EFBC}") = "P02.CatShirt", "P02\P02.CatShirt.csproj", "{08BCBADA-8CE0-4421-9139-46FB60220DCD}"
EndProject
Project("{FAE04EC0-301F-11D3-BF4B-00C04F79EFBC}") = "P03.CatLife", "P03\P03.CatLife.csproj", "{7FF2486F-C13E-49B6-ADCB-2585B6BFCF11}"
EndProject
Project("{FAE04EC0-301F-11D3-BF4B-00C04F79EFBC}") = "P04.CatFood", "P04\P04.CatFood.csproj", "{18D0FAF5-4BBF-477B-931D-0125A5324A62}"
EndProject
Project("{FAE04EC0-301F-11D3-BF4B-00C04F79EFBC}") = "P01.ProgrammingBook", "P05\P01.ProgrammingBook.csproj", "{23CD29BB-8617-46ED-81B3-0D9FF3A158D3}"
EndProject
Project("{FAE04EC0-301F-11D3-BF4B-00C04F79EFBC}") = "P06.CatShelter", "P06\P06.CatShelter.csproj", "{33248395-0D8F-46C3-8DC7-751538BBE36B}"
EndProject
Project("{FAE04EC0-301F-11D3-BF4B-00C04F79EFBC}") = "P01-1CatDiet", "P01-1\P01-1CatDiet.csproj", "{A0B66B10-B0C5-459E-9612-E92F426426D6}"
EndProject
Project("{FAE04EC0-301F-11D3-BF4B-00C04F79EFBC}") = "P02-2CatWalking", "P02-2\P02-2CatWalking.csproj", "{9CC1CAD6-EF2B-494E-8469-3328F159287B}"
EndProject
Project("{FAE04EC0-301F-11D3-BF4B-00C04F79EFBC}") = "P03-2.CatTrainingAttendance", "P03-2.CatTrainingAttendance\P03-2.CatTrainingAttendance.csproj", "{80B28F3B-16B2-435B-A948-11606556E7BF}"
EndProject
Project("{FAE04EC0-301F-11D3-BF4B-00C04F79EFBC}") = "P04-2.CatNumbers", "P04.CatNumbers\P04-2.CatNumbers.csproj", "{D5DC8613-F845-4011-AB99-20F5B9326C43}"
EndProject
Project("{FAE04EC0-301F-11D3-BF4B-00C04F79EFBC}") = "P06.HappyCatParking", "P06.HappyCatParking\P06.HappyCatParking.csproj", "{30D4E577-C26C-452F-BF7F-593F9DF7A956}"
EndProject
Project("{FAE04EC0-301F-11D3-BF4B-00C04F79EFBC}") = "P01.SeaTrip", "P01.SeaTrip\P01.SeaTrip.csproj", "{C6F2ADAB-1FF1-4FE7-9D7E-E244FE6DFD81}"
EndProject
Project("{FAE04EC0-301F-11D3-BF4B-00C04F79EFBC}") = "P02.CalorieCalculator", "P02.CalorieCalculator\P02.CalorieCalculator.csproj", "{C1C98727-ED9C-43A9-9532-5FCDCD29DA17}"
EndProject
Project("{FAE04EC0-301F-11D3-BF4B-00C04F79EFBC}") = "ConsoleApp1", "ConsoleApp1\ConsoleApp1.csproj", "{4E4984F8-E087-404E-81DA-4D5986CEFA8D}"
EndProject
Project("{FAE04EC0-301F-11D3-BF4B-00C04F79EFBC}") = "P02.AnnualSalary", "P02.AnnualSalary\P02.AnnualSalary.csproj", "{E0DA92CB-0527-4529-B5BC-CDA45179970C}"
EndProject
Project("{FAE04EC0-301F-11D3-BF4B-00C04F79EFBC}") = "P03.OnlineEducation", "P03.OnlineEducation\P03.OnlineEducation.csproj", "{31006A5D-9B9A-4AB6-9C7A-98A60B684AED}"
EndProject
Project("{FAE04EC0-301F-11D3-BF4B-00C04F79EFBC}") = "P03.FitnessCard", "P03.FitnessCard\P03.FitnessCard.csproj", "{EE519C90-D96E-4410-A1F7-D879BCDCD4EC}"
EndProject
Project("{FAE04EC0-301F-11D3-BF4B-00C04F79EFBC}") = "P04.CreditSystem", "P04.CreditSystem\P04.CreditSystem.csproj", "{547BB23B-A9A6-4CBA-B8D7-11C6974A2762}"
EndProject
Project("{FAE04EC0-301F-11D3-BF4B-00C04F79EFBC}") = "P04.RunningInThePark", "P04.RunningInThePark\P04.RunningInThePark.csproj", "{368E545C-95C4-4A67-8FB5-C1AF8F5B204D}"
EndProject
Project("{FAE04EC0-301F-11D3-BF4B-00C04F79EFBC}") = "P06.SumAndProduct", "P06.SumAndProduct\P06.SumAndProduct.csproj", "{022AFD1D-198B-43C7-8858-47DA8B937433}"
EndProject
Project("{FAE04EC0-301F-11D3-BF4B-00C04F79EFBC}") = "P06.BankNumberGenerator", "P06.BankNumberGenerator\P06.BankNumberGenerator.csproj", "{9ED04664-2071-47E2-8B30-3AB582BB29C6}"
EndProject
Project("{FAE04EC0-301F-11D3-BF4B-00C04F79EFBC}") = "Irina 06. Bank Number Generator", "Irina 06. Bank Number Generator\Irina 06. Bank Number Generator.csproj", "{B1D1BDEC-73E9-4BF8-9C44-080EFEF57ED6}"
EndProject
Project("{FAE04EC0-301F-11D3-BF4B-00C04F79EFBC}") = "P01.Moon", "P01.Moon\P01.Moon.csproj", "{3D685751-0CAE-42FF-863D-61DBA2CEE463}"
EndProject
Project("{FAE04EC0-301F-11D3-BF4B-00C04F79EFBC}") = "P02.Spaceship", "P02.Spaceship\P02.Spaceship.csproj", "{4A6165AF-C5F3-45EE-BB4F-F9473C9DE82A}"
EndProject
Project("{FAE04EC0-301F-11D3-BF4B-00C04F79EFBC}") = "P03.SolarSystem", "P03.SolarSystem\P03.SolarSystem.csproj", "{237D4E58-935B-4B53-BFA8-890795BBE18B}"
EndProject
Project("{FAE04EC0-301F-11D3-BF4B-00C04F79EFBC}") = "P04.Bus", "P4.Bus\P04.Bus.csproj", "{DFB24E95-5895-4511-A47B-7970A71DD572}"
EndProject
Project("{FAE04EC0-301F-11D3-BF4B-00C04F79EFBC}") = "P06.CarNumber", "P06.CarNumber\P06.CarNumber.csproj", "{CF507ABF-B3A0-45D8-965F-E7C2686E4788}"
EndProject
Project("{FAE04EC0-301F-11D3-BF4B-00C04F79EFBC}") = "P06.PasswordGenerator", "P06.PasswordGenerator\P06.PasswordGenerator.csproj", "{D9540B05-10D0-4DCA-9094-85A0FFD14040}"
EndProject
Project("{FAE04EC0-301F-11D3-BF4B-00C04F79EFBC}") = "P06.BitcoinCodeGenerator", "P06.BitcoinCodeGenerator\P06.BitcoinCodeGenerator.csproj", "{D2355FDF-FA0C-4FD2-96CE-C656014BD1D8}"
EndProject
Project("{FAE04EC0-301F-11D3-BF4B-00C04F79EFBC}") = "DataTypes", "DataTypes\DataTypes.csproj", "{89CBCD8E-12F1-4FA2-84A5-54081DF440AF}"
EndProject
Global
	GlobalSection(SolutionConfigurationPlatforms) = preSolution
		Debug|Any CPU = Debug|Any CPU
		Release|Any CPU = Release|Any CPU
	EndGlobalSection
	GlobalSection(ProjectConfigurationPlatforms) = postSolution
		{97C153DA-557F-4E9B-99B1-0DEAE4E78EAB}.Debug|Any CPU.ActiveCfg = Debug|Any CPU
		{97C153DA-557F-4E9B-99B1-0DEAE4E78EAB}.Debug|Any CPU.Build.0 = Debug|Any CPU
		{97C153DA-557F-4E9B-99B1-0DEAE4E78EAB}.Release|Any CPU.ActiveCfg = Release|Any CPU
		{97C153DA-557F-4E9B-99B1-0DEAE4E78EAB}.Release|Any CPU.Build.0 = Release|Any CPU
		{08BCBADA-8CE0-4421-9139-46FB60220DCD}.Debug|Any CPU.ActiveCfg = Debug|Any CPU
		{08BCBADA-8CE0-4421-9139-46FB60220DCD}.Debug|Any CPU.Build.0 = Debug|Any CPU
		{08BCBADA-8CE0-4421-9139-46FB60220DCD}.Release|Any CPU.ActiveCfg = Release|Any CPU
		{08BCBADA-8CE0-4421-9139-46FB60220DCD}.Release|Any CPU.Build.0 = Release|Any CPU
		{7FF2486F-C13E-49B6-ADCB-2585B6BFCF11}.Debug|Any CPU.ActiveCfg = Debug|Any CPU
		{7FF2486F-C13E-49B6-ADCB-2585B6BFCF11}.Debug|Any CPU.Build.0 = Debug|Any CPU
		{7FF2486F-C13E-49B6-ADCB-2585B6BFCF11}.Release|Any CPU.ActiveCfg = Release|Any CPU
		{7FF2486F-C13E-49B6-ADCB-2585B6BFCF11}.Release|Any CPU.Build.0 = Release|Any CPU
		{18D0FAF5-4BBF-477B-931D-0125A5324A62}.Debug|Any CPU.ActiveCfg = Debug|Any CPU
		{18D0FAF5-4BBF-477B-931D-0125A5324A62}.Debug|Any CPU.Build.0 = Debug|Any CPU
		{18D0FAF5-4BBF-477B-931D-0125A5324A62}.Release|Any CPU.ActiveCfg = Release|Any CPU
		{18D0FAF5-4BBF-477B-931D-0125A5324A62}.Release|Any CPU.Build.0 = Release|Any CPU
		{23CD29BB-8617-46ED-81B3-0D9FF3A158D3}.Debug|Any CPU.ActiveCfg = Debug|Any CPU
		{23CD29BB-8617-46ED-81B3-0D9FF3A158D3}.Debug|Any CPU.Build.0 = Debug|Any CPU
		{23CD29BB-8617-46ED-81B3-0D9FF3A158D3}.Release|Any CPU.ActiveCfg = Release|Any CPU
		{23CD29BB-8617-46ED-81B3-0D9FF3A158D3}.Release|Any CPU.Build.0 = Release|Any CPU
		{33248395-0D8F-46C3-8DC7-751538BBE36B}.Debug|Any CPU.ActiveCfg = Debug|Any CPU
		{33248395-0D8F-46C3-8DC7-751538BBE36B}.Debug|Any CPU.Build.0 = Debug|Any CPU
		{33248395-0D8F-46C3-8DC7-751538BBE36B}.Release|Any CPU.ActiveCfg = Release|Any CPU
		{33248395-0D8F-46C3-8DC7-751538BBE36B}.Release|Any CPU.Build.0 = Release|Any CPU
		{A0B66B10-B0C5-459E-9612-E92F426426D6}.Debug|Any CPU.ActiveCfg = Debug|Any CPU
		{A0B66B10-B0C5-459E-9612-E92F426426D6}.Debug|Any CPU.Build.0 = Debug|Any CPU
		{A0B66B10-B0C5-459E-9612-E92F426426D6}.Release|Any CPU.ActiveCfg = Release|Any CPU
		{A0B66B10-B0C5-459E-9612-E92F426426D6}.Release|Any CPU.Build.0 = Release|Any CPU
		{9CC1CAD6-EF2B-494E-8469-3328F159287B}.Debug|Any CPU.ActiveCfg = Debug|Any CPU
		{9CC1CAD6-EF2B-494E-8469-3328F159287B}.Debug|Any CPU.Build.0 = Debug|Any CPU
		{9CC1CAD6-EF2B-494E-8469-3328F159287B}.Release|Any CPU.ActiveCfg = Release|Any CPU
		{9CC1CAD6-EF2B-494E-8469-3328F159287B}.Release|Any CPU.Build.0 = Release|Any CPU
		{80B28F3B-16B2-435B-A948-11606556E7BF}.Debug|Any CPU.ActiveCfg = Debug|Any CPU
		{80B28F3B-16B2-435B-A948-11606556E7BF}.Debug|Any CPU.Build.0 = Debug|Any CPU
		{80B28F3B-16B2-435B-A948-11606556E7BF}.Release|Any CPU.ActiveCfg = Release|Any CPU
		{80B28F3B-16B2-435B-A948-11606556E7BF}.Release|Any CPU.Build.0 = Release|Any CPU
		{D5DC8613-F845-4011-AB99-20F5B9326C43}.Debug|Any CPU.ActiveCfg = Debug|Any CPU
		{D5DC8613-F845-4011-AB99-20F5B9326C43}.Debug|Any CPU.Build.0 = Debug|Any CPU
		{D5DC8613-F845-4011-AB99-20F5B9326C43}.Release|Any CPU.ActiveCfg = Release|Any CPU
		{D5DC8613-F845-4011-AB99-20F5B9326C43}.Release|Any CPU.Build.0 = Release|Any CPU
		{30D4E577-C26C-452F-BF7F-593F9DF7A956}.Debug|Any CPU.ActiveCfg = Debug|Any CPU
		{30D4E577-C26C-452F-BF7F-593F9DF7A956}.Debug|Any CPU.Build.0 = Debug|Any CPU
		{30D4E577-C26C-452F-BF7F-593F9DF7A956}.Release|Any CPU.ActiveCfg = Release|Any CPU
		{30D4E577-C26C-452F-BF7F-593F9DF7A956}.Release|Any CPU.Build.0 = Release|Any CPU
		{C6F2ADAB-1FF1-4FE7-9D7E-E244FE6DFD81}.Debug|Any CPU.ActiveCfg = Debug|Any CPU
		{C6F2ADAB-1FF1-4FE7-9D7E-E244FE6DFD81}.Debug|Any CPU.Build.0 = Debug|Any CPU
		{C6F2ADAB-1FF1-4FE7-9D7E-E244FE6DFD81}.Release|Any CPU.ActiveCfg = Release|Any CPU
		{C6F2ADAB-1FF1-4FE7-9D7E-E244FE6DFD81}.Release|Any CPU.Build.0 = Release|Any CPU
		{C1C98727-ED9C-43A9-9532-5FCDCD29DA17}.Debug|Any CPU.ActiveCfg = Debug|Any CPU
		{C1C98727-ED9C-43A9-9532-5FCDCD29DA17}.Debug|Any CPU.Build.0 = Debug|Any CPU
		{C1C98727-ED9C-43A9-9532-5FCDCD29DA17}.Release|Any CPU.ActiveCfg = Release|Any CPU
		{C1C98727-ED9C-43A9-9532-5FCDCD29DA17}.Release|Any CPU.Build.0 = Release|Any CPU
		{4E4984F8-E087-404E-81DA-4D5986CEFA8D}.Debug|Any CPU.ActiveCfg = Debug|Any CPU
		{4E4984F8-E087-404E-81DA-4D5986CEFA8D}.Debug|Any CPU.Build.0 = Debug|Any CPU
		{4E4984F8-E087-404E-81DA-4D5986CEFA8D}.Release|Any CPU.ActiveCfg = Release|Any CPU
		{4E4984F8-E087-404E-81DA-4D5986CEFA8D}.Release|Any CPU.Build.0 = Release|Any CPU
		{E0DA92CB-0527-4529-B5BC-CDA45179970C}.Debug|Any CPU.ActiveCfg = Debug|Any CPU
		{E0DA92CB-0527-4529-B5BC-CDA45179970C}.Debug|Any CPU.Build.0 = Debug|Any CPU
		{E0DA92CB-0527-4529-B5BC-CDA45179970C}.Release|Any CPU.ActiveCfg = Release|Any CPU
		{E0DA92CB-0527-4529-B5BC-CDA45179970C}.Release|Any CPU.Build.0 = Release|Any CPU
		{31006A5D-9B9A-4AB6-9C7A-98A60B684AED}.Debug|Any CPU.ActiveCfg = Debug|Any CPU
		{31006A5D-9B9A-4AB6-9C7A-98A60B684AED}.Debug|Any CPU.Build.0 = Debug|Any CPU
		{31006A5D-9B9A-4AB6-9C7A-98A60B684AED}.Release|Any CPU.ActiveCfg = Release|Any CPU
		{31006A5D-9B9A-4AB6-9C7A-98A60B684AED}.Release|Any CPU.Build.0 = Release|Any CPU
		{EE519C90-D96E-4410-A1F7-D879BCDCD4EC}.Debug|Any CPU.ActiveCfg = Debug|Any CPU
		{EE519C90-D96E-4410-A1F7-D879BCDCD4EC}.Debug|Any CPU.Build.0 = Debug|Any CPU
		{EE519C90-D96E-4410-A1F7-D879BCDCD4EC}.Release|Any CPU.ActiveCfg = Release|Any CPU
		{EE519C90-D96E-4410-A1F7-D879BCDCD4EC}.Release|Any CPU.Build.0 = Release|Any CPU
		{547BB23B-A9A6-4CBA-B8D7-11C6974A2762}.Debug|Any CPU.ActiveCfg = Debug|Any CPU
		{547BB23B-A9A6-4CBA-B8D7-11C6974A2762}.Debug|Any CPU.Build.0 = Debug|Any CPU
		{547BB23B-A9A6-4CBA-B8D7-11C6974A2762}.Release|Any CPU.ActiveCfg = Release|Any CPU
		{547BB23B-A9A6-4CBA-B8D7-11C6974A2762}.Release|Any CPU.Build.0 = Release|Any CPU
		{368E545C-95C4-4A67-8FB5-C1AF8F5B204D}.Debug|Any CPU.ActiveCfg = Debug|Any CPU
		{368E545C-95C4-4A67-8FB5-C1AF8F5B204D}.Debug|Any CPU.Build.0 = Debug|Any CPU
		{368E545C-95C4-4A67-8FB5-C1AF8F5B204D}.Release|Any CPU.ActiveCfg = Release|Any CPU
		{368E545C-95C4-4A67-8FB5-C1AF8F5B204D}.Release|Any CPU.Build.0 = Release|Any CPU
		{022AFD1D-198B-43C7-8858-47DA8B937433}.Debug|Any CPU.ActiveCfg = Debug|Any CPU
		{022AFD1D-198B-43C7-8858-47DA8B937433}.Debug|Any CPU.Build.0 = Debug|Any CPU
		{022AFD1D-198B-43C7-8858-47DA8B937433}.Release|Any CPU.ActiveCfg = Release|Any CPU
		{022AFD1D-198B-43C7-8858-47DA8B937433}.Release|Any CPU.Build.0 = Release|Any CPU
		{9ED04664-2071-47E2-8B30-3AB582BB29C6}.Debug|Any CPU.ActiveCfg = Debug|Any CPU
		{9ED04664-2071-47E2-8B30-3AB582BB29C6}.Debug|Any CPU.Build.0 = Debug|Any CPU
		{9ED04664-2071-47E2-8B30-3AB582BB29C6}.Release|Any CPU.ActiveCfg = Release|Any CPU
		{9ED04664-2071-47E2-8B30-3AB582BB29C6}.Release|Any CPU.Build.0 = Release|Any CPU
		{B1D1BDEC-73E9-4BF8-9C44-080EFEF57ED6}.Debug|Any CPU.ActiveCfg = Debug|Any CPU
		{B1D1BDEC-73E9-4BF8-9C44-080EFEF57ED6}.Debug|Any CPU.Build.0 = Debug|Any CPU
		{B1D1BDEC-73E9-4BF8-9C44-080EFEF57ED6}.Release|Any CPU.ActiveCfg = Release|Any CPU
		{B1D1BDEC-73E9-4BF8-9C44-080EFEF57ED6}.Release|Any CPU.Build.0 = Release|Any CPU
		{3D685751-0CAE-42FF-863D-61DBA2CEE463}.Debug|Any CPU.ActiveCfg = Debug|Any CPU
		{3D685751-0CAE-42FF-863D-61DBA2CEE463}.Debug|Any CPU.Build.0 = Debug|Any CPU
		{3D685751-0CAE-42FF-863D-61DBA2CEE463}.Release|Any CPU.ActiveCfg = Release|Any CPU
		{3D685751-0CAE-42FF-863D-61DBA2CEE463}.Release|Any CPU.Build.0 = Release|Any CPU
		{4A6165AF-C5F3-45EE-BB4F-F9473C9DE82A}.Debug|Any CPU.ActiveCfg = Debug|Any CPU
		{4A6165AF-C5F3-45EE-BB4F-F9473C9DE82A}.Debug|Any CPU.Build.0 = Debug|Any CPU
		{4A6165AF-C5F3-45EE-BB4F-F9473C9DE82A}.Release|Any CPU.ActiveCfg = Release|Any CPU
		{4A6165AF-C5F3-45EE-BB4F-F9473C9DE82A}.Release|Any CPU.Build.0 = Release|Any CPU
		{237D4E58-935B-4B53-BFA8-890795BBE18B}.Debug|Any CPU.ActiveCfg = Debug|Any CPU
		{237D4E58-935B-4B53-BFA8-890795BBE18B}.Debug|Any CPU.Build.0 = Debug|Any CPU
		{237D4E58-935B-4B53-BFA8-890795BBE18B}.Release|Any CPU.ActiveCfg = Release|Any CPU
		{237D4E58-935B-4B53-BFA8-890795BBE18B}.Release|Any CPU.Build.0 = Release|Any CPU
		{DFB24E95-5895-4511-A47B-7970A71DD572}.Debug|Any CPU.ActiveCfg = Debug|Any CPU
		{DFB24E95-5895-4511-A47B-7970A71DD572}.Debug|Any CPU.Build.0 = Debug|Any CPU
		{DFB24E95-5895-4511-A47B-7970A71DD572}.Release|Any CPU.ActiveCfg = Release|Any CPU
		{DFB24E95-5895-4511-A47B-7970A71DD572}.Release|Any CPU.Build.0 = Release|Any CPU
		{CF507ABF-B3A0-45D8-965F-E7C2686E4788}.Debug|Any CPU.ActiveCfg = Debug|Any CPU
		{CF507ABF-B3A0-45D8-965F-E7C2686E4788}.Debug|Any CPU.Build.0 = Debug|Any CPU
		{CF507ABF-B3A0-45D8-965F-E7C2686E4788}.Release|Any CPU.ActiveCfg = Release|Any CPU
		{CF507ABF-B3A0-45D8-965F-E7C2686E4788}.Release|Any CPU.Build.0 = Release|Any CPU
		{D9540B05-10D0-4DCA-9094-85A0FFD14040}.Debug|Any CPU.ActiveCfg = Debug|Any CPU
		{D9540B05-10D0-4DCA-9094-85A0FFD14040}.Debug|Any CPU.Build.0 = Debug|Any CPU
		{D9540B05-10D0-4DCA-9094-85A0FFD14040}.Release|Any CPU.ActiveCfg = Release|Any CPU
		{D9540B05-10D0-4DCA-9094-85A0FFD14040}.Release|Any CPU.Build.0 = Release|Any CPU
		{D2355FDF-FA0C-4FD2-96CE-C656014BD1D8}.Debug|Any CPU.ActiveCfg = Debug|Any CPU
		{D2355FDF-FA0C-4FD2-96CE-C656014BD1D8}.Debug|Any CPU.Build.0 = Debug|Any CPU
		{D2355FDF-FA0C-4FD2-96CE-C656014BD1D8}.Release|Any CPU.ActiveCfg = Release|Any CPU
		{D2355FDF-FA0C-4FD2-96CE-C656014BD1D8}.Release|Any CPU.Build.0 = Release|Any CPU
		{89CBCD8E-12F1-4FA2-84A5-54081DF440AF}.Debug|Any CPU.ActiveCfg = Debug|Any CPU
		{89CBCD8E-12F1-4FA2-84A5-54081DF440AF}.Debug|Any CPU.Build.0 = Debug|Any CPU
		{89CBCD8E-12F1-4FA2-84A5-54081DF440AF}.Release|Any CPU.ActiveCfg = Release|Any CPU
		{89CBCD8E-12F1-4FA2-84A5-54081DF440AF}.Release|Any CPU.Build.0 = Release|Any CPU
	EndGlobalSection
	GlobalSection(SolutionProperties) = preSolution
		HideSolutionNode = FALSE
	EndGlobalSection
	GlobalSection(ExtensibilityGlobals) = postSolution
		SolutionGuid = {073B65FE-40C6-452C-B654-50E6557CA05B}
	EndGlobalSection
EndGlobal
