
Microsoft Visual Studio Solution File, Format Version 12.00
# Visual Studio 15
VisualStudioVersion = 15.0.27004.2002
MinimumVisualStudioVersion = 10.0.40219.1
Project("{FAE04EC0-301F-11D3-BF4B-00C04F79EFBC}") = "P03.EnglishNameOfTheLastDigit", "P03.EnglishNameOfTheLastDigit.csproj", "{27E0D278-6FF2-4C3E-85D2-64B13AF9FF25}"
EndProject

Global
	GlobalSection(SolutionConfigurationPlatforms) = preSolution
		Debug|Any CPU = Debug|Any CPU
		Release|Any CPU = Release|Any CPU
	EndGlobalSection
	GlobalSection(ProjectConfigurationPlatforms) = postSolution
		{27E0D278-6FF2-4C3E-85D2-64B13AF9FF25}.Debug|Any CPU.ActiveCfg = Debug|Any CPU
		{27E0D278-6FF2-4C3E-85D2-64B13AF9FF25}.Debug|Any CPU.Build.0 = Debug|Any CPU
		{27E0D278-6FF2-4C3E-85D2-64B13AF9FF25}.Release|Any CPU.ActiveCfg = Release|Any CPU
		{27E0D278-6FF2-4C3E-85D2-64B13AF9FF25}.Release|Any CPU.Build.0 = Release|Any CPU
		{12D544FC-B079-42A3-A1FF-6864B2FC0D13}.Debug|Any CPU.ActiveCfg = Debug|Any CPU
		{12D544FC-B079-42A3-A1FF-6864B2FC0D13}.Debug|Any CPU.Build.0 = Debug|Any CPU
		{12D544FC-B079-42A3-A1FF-6864B2FC0D13}.Release|Any CPU.ActiveCfg = Release|Any CPU
		{12D544FC-B079-42A3-A1FF-6864B2FC0D13}.Release|Any CPU.Build.0 = Release|Any CPU
		{1C0B345D-FE04-47FC-94B6-63A3873AC127}.Debug|Any CPU.ActiveCfg = Debug|Any CPU
		{1C0B345D-FE04-47FC-94B6-63A3873AC127}.Debug|Any CPU.Build.0 = Debug|Any CPU
		{1C0B345D-FE04-47FC-94B6-63A3873AC127}.Release|Any CPU.ActiveCfg = Release|Any CPU
		{1C0B345D-FE04-47FC-94B6-63A3873AC127}.Release|Any CPU.Build.0 = Release|Any CPU
		{D430FDDB-844A-4BA2-BFC3-6FD1C8798ECB}.Debug|Any CPU.ActiveCfg = Debug|Any CPU
		{D430FDDB-844A-4BA2-BFC3-6FD1C8798ECB}.Debug|Any CPU.Build.0 = Debug|Any CPU
		{D430FDDB-844A-4BA2-BFC3-6FD1C8798ECB}.Release|Any CPU.ActiveCfg = Release|Any CPU
		{D430FDDB-844A-4BA2-BFC3-6FD1C8798ECB}.Release|Any CPU.Build.0 = Release|Any CPU
		{FC1B3B31-A291-41FE-A44F-E9390329B143}.Debug|Any CPU.ActiveCfg = Debug|Any CPU
		{FC1B3B31-A291-41FE-A44F-E9390329B143}.Debug|Any CPU.Build.0 = Debug|Any CPU
		{FC1B3B31-A291-41FE-A44F-E9390329B143}.Release|Any CPU.ActiveCfg = Release|Any CPU
		{FC1B3B31-A291-41FE-A44F-E9390329B143}.Release|Any CPU.Build.0 = Release|Any CPU
		{24EDDB62-10A1-46C5-9972-A369B83E9E28}.Debug|Any CPU.ActiveCfg = Debug|Any CPU
		{24EDDB62-10A1-46C5-9972-A369B83E9E28}.Debug|Any CPU.Build.0 = Debug|Any CPU
		{24EDDB62-10A1-46C5-9972-A369B83E9E28}.Release|Any CPU.ActiveCfg = Release|Any CPU
		{24EDDB62-10A1-46C5-9972-A369B83E9E28}.Release|Any CPU.Build.0 = Release|Any CPU
		{BC473658-959A-404F-B6D9-4F81BB304372}.Debug|Any CPU.ActiveCfg = Debug|Any CPU
		{BC473658-959A-404F-B6D9-4F81BB304372}.Debug|Any CPU.Build.0 = Debug|Any CPU
		{BC473658-959A-404F-B6D9-4F81BB304372}.Release|Any CPU.ActiveCfg = Release|Any CPU
		{BC473658-959A-404F-B6D9-4F81BB304372}.Release|Any CPU.Build.0 = Release|Any CPU
		{BAAD935F-7723-407A-B136-75E25FF9C655}.Debug|Any CPU.ActiveCfg = Debug|Any CPU
		{BAAD935F-7723-407A-B136-75E25FF9C655}.Debug|Any CPU.Build.0 = Debug|Any CPU
		{BAAD935F-7723-407A-B136-75E25FF9C655}.Release|Any CPU.ActiveCfg = Release|Any CPU
		{BAAD935F-7723-407A-B136-75E25FF9C655}.Release|Any CPU.Build.0 = Release|Any CPU
		{9BEC700F-3BF3-4486-8A45-35E373743E5B}.Debug|Any CPU.ActiveCfg = Debug|Any CPU
		{9BEC700F-3BF3-4486-8A45-35E373743E5B}.Debug|Any CPU.Build.0 = Debug|Any CPU
		{9BEC700F-3BF3-4486-8A45-35E373743E5B}.Release|Any CPU.ActiveCfg = Release|Any CPU
		{9BEC700F-3BF3-4486-8A45-35E373743E5B}.Release|Any CPU.Build.0 = Release|Any CPU
		{68232492-6736-412F-BF3D-3B760D417BF6}.Debug|Any CPU.ActiveCfg = Debug|Any CPU
		{68232492-6736-412F-BF3D-3B760D417BF6}.Debug|Any CPU.Build.0 = Debug|Any CPU
		{68232492-6736-412F-BF3D-3B760D417BF6}.Release|Any CPU.ActiveCfg = Release|Any CPU
		{68232492-6736-412F-BF3D-3B760D417BF6}.Release|Any CPU.Build.0 = Release|Any CPU
		{EC0DD93D-0FC2-4364-894B-9F7A758461AF}.Debug|Any CPU.ActiveCfg = Debug|Any CPU
		{EC0DD93D-0FC2-4364-894B-9F7A758461AF}.Debug|Any CPU.Build.0 = Debug|Any CPU
		{EC0DD93D-0FC2-4364-894B-9F7A758461AF}.Release|Any CPU.ActiveCfg = Release|Any CPU
		{EC0DD93D-0FC2-4364-894B-9F7A758461AF}.Release|Any CPU.Build.0 = Release|Any CPU
		{5591F0B4-9E2B-4803-8DD9-D06A668CCD08}.Debug|Any CPU.ActiveCfg = Debug|Any CPU
		{5591F0B4-9E2B-4803-8DD9-D06A668CCD08}.Debug|Any CPU.Build.0 = Debug|Any CPU
		{5591F0B4-9E2B-4803-8DD9-D06A668CCD08}.Release|Any CPU.ActiveCfg = Release|Any CPU
		{5591F0B4-9E2B-4803-8DD9-D06A668CCD08}.Release|Any CPU.Build.0 = Release|Any CPU
		{E058C8FA-F021-4734-A2C6-7EE17929AD09}.Debug|Any CPU.ActiveCfg = Debug|Any CPU
		{E058C8FA-F021-4734-A2C6-7EE17929AD09}.Debug|Any CPU.Build.0 = Debug|Any CPU
		{E058C8FA-F021-4734-A2C6-7EE17929AD09}.Release|Any CPU.ActiveCfg = Release|Any CPU
		{E058C8FA-F021-4734-A2C6-7EE17929AD09}.Release|Any CPU.Build.0 = Release|Any CPU
		{B58F1E67-E948-445D-903B-578CC3C9827D}.Debug|Any CPU.ActiveCfg = Debug|Any CPU
		{B58F1E67-E948-445D-903B-578CC3C9827D}.Debug|Any CPU.Build.0 = Debug|Any CPU
		{B58F1E67-E948-445D-903B-578CC3C9827D}.Release|Any CPU.ActiveCfg = Release|Any CPU
		{B58F1E67-E948-445D-903B-578CC3C9827D}.Release|Any CPU.Build.0 = Release|Any CPU
		{0CEF666A-C8E7-43A8-84CD-C7448CCCE9B9}.Debug|Any CPU.ActiveCfg = Debug|Any CPU
		{0CEF666A-C8E7-43A8-84CD-C7448CCCE9B9}.Debug|Any CPU.Build.0 = Debug|Any CPU
		{0CEF666A-C8E7-43A8-84CD-C7448CCCE9B9}.Release|Any CPU.ActiveCfg = Release|Any CPU
		{0CEF666A-C8E7-43A8-84CD-C7448CCCE9B9}.Release|Any CPU.Build.0 = Release|Any CPU
		{1D656571-A00B-489C-88B6-612855C8A678}.Debug|Any CPU.ActiveCfg = Debug|Any CPU
		{1D656571-A00B-489C-88B6-612855C8A678}.Debug|Any CPU.Build.0 = Debug|Any CPU
		{1D656571-A00B-489C-88B6-612855C8A678}.Release|Any CPU.ActiveCfg = Release|Any CPU
		{1D656571-A00B-489C-88B6-612855C8A678}.Release|Any CPU.Build.0 = Release|Any CPU
		{84AE8796-A4F5-473D-9D4E-87507E14B7F1}.Debug|Any CPU.ActiveCfg = Debug|Any CPU
		{84AE8796-A4F5-473D-9D4E-87507E14B7F1}.Debug|Any CPU.Build.0 = Debug|Any CPU
		{84AE8796-A4F5-473D-9D4E-87507E14B7F1}.Release|Any CPU.ActiveCfg = Release|Any CPU
		{84AE8796-A4F5-473D-9D4E-87507E14B7F1}.Release|Any CPU.Build.0 = Release|Any CPU
		{91746DAC-9C81-440A-B57E-E1A2ACA666E6}.Debug|Any CPU.ActiveCfg = Debug|Any CPU
		{91746DAC-9C81-440A-B57E-E1A2ACA666E6}.Debug|Any CPU.Build.0 = Debug|Any CPU
		{91746DAC-9C81-440A-B57E-E1A2ACA666E6}.Release|Any CPU.ActiveCfg = Release|Any CPU
		{91746DAC-9C81-440A-B57E-E1A2ACA666E6}.Release|Any CPU.Build.0 = Release|Any CPU
		{F2088FC2-D960-4C90-879E-C86981F16586}.Debug|Any CPU.ActiveCfg = Debug|Any CPU
		{F2088FC2-D960-4C90-879E-C86981F16586}.Debug|Any CPU.Build.0 = Debug|Any CPU
		{F2088FC2-D960-4C90-879E-C86981F16586}.Release|Any CPU.ActiveCfg = Release|Any CPU
		{F2088FC2-D960-4C90-879E-C86981F16586}.Release|Any CPU.Build.0 = Release|Any CPU
		{07BDE457-DC6F-43D6-BEBE-99B6A5E966E7}.Debug|Any CPU.ActiveCfg = Debug|Any CPU
		{07BDE457-DC6F-43D6-BEBE-99B6A5E966E7}.Debug|Any CPU.Build.0 = Debug|Any CPU
		{07BDE457-DC6F-43D6-BEBE-99B6A5E966E7}.Release|Any CPU.ActiveCfg = Release|Any CPU
		{07BDE457-DC6F-43D6-BEBE-99B6A5E966E7}.Release|Any CPU.Build.0 = Release|Any CPU
		{A7D9E54E-5E9E-435E-8168-1FD3C31DFA5E}.Debug|Any CPU.ActiveCfg = Debug|Any CPU
		{A7D9E54E-5E9E-435E-8168-1FD3C31DFA5E}.Debug|Any CPU.Build.0 = Debug|Any CPU
		{A7D9E54E-5E9E-435E-8168-1FD3C31DFA5E}.Release|Any CPU.ActiveCfg = Release|Any CPU
		{A7D9E54E-5E9E-435E-8168-1FD3C31DFA5E}.Release|Any CPU.Build.0 = Release|Any CPU
		{753CA23A-7ED1-4FB7-BAED-21BECE8AD3C9}.Debug|Any CPU.ActiveCfg = Debug|Any CPU
		{753CA23A-7ED1-4FB7-BAED-21BECE8AD3C9}.Debug|Any CPU.Build.0 = Debug|Any CPU
		{753CA23A-7ED1-4FB7-BAED-21BECE8AD3C9}.Release|Any CPU.ActiveCfg = Release|Any CPU
		{753CA23A-7ED1-4FB7-BAED-21BECE8AD3C9}.Release|Any CPU.Build.0 = Release|Any CPU
		{FDA601EC-2B4A-4989-A719-C5F1B88F290D}.Debug|Any CPU.ActiveCfg = Debug|Any CPU
		{FDA601EC-2B4A-4989-A719-C5F1B88F290D}.Debug|Any CPU.Build.0 = Debug|Any CPU
		{FDA601EC-2B4A-4989-A719-C5F1B88F290D}.Release|Any CPU.ActiveCfg = Release|Any CPU
		{FDA601EC-2B4A-4989-A719-C5F1B88F290D}.Release|Any CPU.Build.0 = Release|Any CPU
		{DADBF996-79D7-4304-BE6E-CCC01FBF16AF}.Debug|Any CPU.ActiveCfg = Debug|Any CPU
		{DADBF996-79D7-4304-BE6E-CCC01FBF16AF}.Debug|Any CPU.Build.0 = Debug|Any CPU
		{DADBF996-79D7-4304-BE6E-CCC01FBF16AF}.Release|Any CPU.ActiveCfg = Release|Any CPU
		{DADBF996-79D7-4304-BE6E-CCC01FBF16AF}.Release|Any CPU.Build.0 = Release|Any CPU
		{7020EF7B-5869-4BF3-B987-9EC4E418B7E6}.Debug|Any CPU.ActiveCfg = Debug|Any CPU
		{7020EF7B-5869-4BF3-B987-9EC4E418B7E6}.Debug|Any CPU.Build.0 = Debug|Any CPU
		{7020EF7B-5869-4BF3-B987-9EC4E418B7E6}.Release|Any CPU.ActiveCfg = Release|Any CPU
		{7020EF7B-5869-4BF3-B987-9EC4E418B7E6}.Release|Any CPU.Build.0 = Release|Any CPU
		{86B6BB97-EDCD-4DAC-B217-9E5F2806EC6B}.Debug|Any CPU.ActiveCfg = Debug|Any CPU
		{86B6BB97-EDCD-4DAC-B217-9E5F2806EC6B}.Debug|Any CPU.Build.0 = Debug|Any CPU
		{86B6BB97-EDCD-4DAC-B217-9E5F2806EC6B}.Release|Any CPU.ActiveCfg = Release|Any CPU
		{86B6BB97-EDCD-4DAC-B217-9E5F2806EC6B}.Release|Any CPU.Build.0 = Release|Any CPU
		{44A7DA02-6932-4091-B72A-3BD7032AD14C}.Debug|Any CPU.ActiveCfg = Debug|Any CPU
		{44A7DA02-6932-4091-B72A-3BD7032AD14C}.Debug|Any CPU.Build.0 = Debug|Any CPU
		{44A7DA02-6932-4091-B72A-3BD7032AD14C}.Release|Any CPU.ActiveCfg = Release|Any CPU
		{44A7DA02-6932-4091-B72A-3BD7032AD14C}.Release|Any CPU.Build.0 = Release|Any CPU
		{CB358B34-176E-4CE7-A46B-41D62F267BC4}.Debug|Any CPU.ActiveCfg = Debug|Any CPU
		{CB358B34-176E-4CE7-A46B-41D62F267BC4}.Debug|Any CPU.Build.0 = Debug|Any CPU
		{CB358B34-176E-4CE7-A46B-41D62F267BC4}.Release|Any CPU.ActiveCfg = Release|Any CPU
		{CB358B34-176E-4CE7-A46B-41D62F267BC4}.Release|Any CPU.Build.0 = Release|Any CPU
		{748D53D2-D7F4-4327-BD61-4B4518CC9DEF}.Debug|Any CPU.ActiveCfg = Debug|Any CPU
		{748D53D2-D7F4-4327-BD61-4B4518CC9DEF}.Debug|Any CPU.Build.0 = Debug|Any CPU
		{748D53D2-D7F4-4327-BD61-4B4518CC9DEF}.Release|Any CPU.ActiveCfg = Release|Any CPU
		{748D53D2-D7F4-4327-BD61-4B4518CC9DEF}.Release|Any CPU.Build.0 = Release|Any CPU
		{9F6549F5-56B3-436E-A800-0812AAAD7EE6}.Debug|Any CPU.ActiveCfg = Debug|Any CPU
		{9F6549F5-56B3-436E-A800-0812AAAD7EE6}.Debug|Any CPU.Build.0 = Debug|Any CPU
		{9F6549F5-56B3-436E-A800-0812AAAD7EE6}.Release|Any CPU.ActiveCfg = Release|Any CPU
		{9F6549F5-56B3-436E-A800-0812AAAD7EE6}.Release|Any CPU.Build.0 = Release|Any CPU
		{13F0BFC3-72AD-47D8-BA5E-B09EABBC7B06}.Debug|Any CPU.ActiveCfg = Debug|Any CPU
		{13F0BFC3-72AD-47D8-BA5E-B09EABBC7B06}.Debug|Any CPU.Build.0 = Debug|Any CPU
		{13F0BFC3-72AD-47D8-BA5E-B09EABBC7B06}.Release|Any CPU.ActiveCfg = Release|Any CPU
		{13F0BFC3-72AD-47D8-BA5E-B09EABBC7B06}.Release|Any CPU.Build.0 = Release|Any CPU
		{101DEC3E-2789-4E0A-822F-FB69C786000B}.Debug|Any CPU.ActiveCfg = Debug|Any CPU
		{101DEC3E-2789-4E0A-822F-FB69C786000B}.Debug|Any CPU.Build.0 = Debug|Any CPU
		{101DEC3E-2789-4E0A-822F-FB69C786000B}.Release|Any CPU.ActiveCfg = Release|Any CPU
		{101DEC3E-2789-4E0A-822F-FB69C786000B}.Release|Any CPU.Build.0 = Release|Any CPU
	EndGlobalSection
	GlobalSection(SolutionProperties) = preSolution
		HideSolutionNode = FALSE
	EndGlobalSection
	GlobalSection(NestedProjects) = preSolution
		{FC1B3B31-A291-41FE-A44F-E9390329B143} = {C1134469-AAB4-4316-A427-53C0D9480AFC}
		{5591F0B4-9E2B-4803-8DD9-D06A668CCD08} = {C1134469-AAB4-4316-A427-53C0D9480AFC}
		{E058C8FA-F021-4734-A2C6-7EE17929AD09} = {C1134469-AAB4-4316-A427-53C0D9480AFC}
		{B58F1E67-E948-445D-903B-578CC3C9827D} = {C1134469-AAB4-4316-A427-53C0D9480AFC}
		{F2088FC2-D960-4C90-879E-C86981F16586} = {18E6D225-D0EF-47A9-82C1-A1D8D34B2849}
		{07BDE457-DC6F-43D6-BEBE-99B6A5E966E7} = {18E6D225-D0EF-47A9-82C1-A1D8D34B2849}
		{A7D9E54E-5E9E-435E-8168-1FD3C31DFA5E} = {18E6D225-D0EF-47A9-82C1-A1D8D34B2849}
		{753CA23A-7ED1-4FB7-BAED-21BECE8AD3C9} = {18E6D225-D0EF-47A9-82C1-A1D8D34B2849}
		{FDA601EC-2B4A-4989-A719-C5F1B88F290D} = {18E6D225-D0EF-47A9-82C1-A1D8D34B2849}
		{DADBF996-79D7-4304-BE6E-CCC01FBF16AF} = {18E6D225-D0EF-47A9-82C1-A1D8D34B2849}
		{7020EF7B-5869-4BF3-B987-9EC4E418B7E6} = {18E6D225-D0EF-47A9-82C1-A1D8D34B2849}
		{86B6BB97-EDCD-4DAC-B217-9E5F2806EC6B} = {18E6D225-D0EF-47A9-82C1-A1D8D34B2849}
		{44A7DA02-6932-4091-B72A-3BD7032AD14C} = {18E6D225-D0EF-47A9-82C1-A1D8D34B2849}
		{CB358B34-176E-4CE7-A46B-41D62F267BC4} = {18E6D225-D0EF-47A9-82C1-A1D8D34B2849}
		{748D53D2-D7F4-4327-BD61-4B4518CC9DEF} = {18E6D225-D0EF-47A9-82C1-A1D8D34B2849}
		{9F6549F5-56B3-436E-A800-0812AAAD7EE6} = {18E6D225-D0EF-47A9-82C1-A1D8D34B2849}
		{101DEC3E-2789-4E0A-822F-FB69C786000B} = {18E6D225-D0EF-47A9-82C1-A1D8D34B2849}
	EndGlobalSection
	GlobalSection(ExtensibilityGlobals) = postSolution
		SolutionGuid = {FF8F3216-D7DC-4575-90BA-D0CC53B3A2DF}
	EndGlobalSection
EndGlobal
